
Microsoft Visual Studio Solution File, Format Version 12.00
# Visual Studio Version 17
VisualStudioVersion = 17.3.32929.385
MinimumVisualStudioVersion = 10.0.40219.1
Project("{FAE04EC0-301F-11D3-BF4B-00C04F79EFBC}") = "TrackerLibrary", "TrackerLibrary\TrackerLibrary.csproj", "{B5070042-8881-4E46-9DA4-A0E6702D9C29}"
EndProject
Project("{FAE04EC0-301F-11D3-BF4B-00C04F79EFBC}") = "TrackerUI", "TrackerUI\TrackerUI.csproj", "{4433A2AC-ABC6-4BA1-BD56-B91C9EFBE89A}"
EndProject
Global
	GlobalSection(SolutionConfigurationPlatforms) = preSolution
		Debug|Any CPU = Debug|Any CPU
		Release|Any CPU = Release|Any CPU
	EndGlobalSection
	GlobalSection(ProjectConfigurationPlatforms) = postSolution
		{B5070042-8881-4E46-9DA4-A0E6702D9C29}.Debug|Any CPU.ActiveCfg = Debug|Any CPU
		{B5070042-8881-4E46-9DA4-A0E6702D9C29}.Debug|Any CPU.Build.0 = Debug|Any CPU
		{B5070042-8881-4E46-9DA4-A0E6702D9C29}.Release|Any CPU.ActiveCfg = Release|Any CPU
		{B5070042-8881-4E46-9DA4-A0E6702D9C29}.Release|Any CPU.Build.0 = Release|Any CPU
		{4433A2AC-ABC6-4BA1-BD56-B91C9EFBE89A}.Debug|Any CPU.ActiveCfg = Debug|Any CPU
		{4433A2AC-ABC6-4BA1-BD56-B91C9EFBE89A}.Debug|Any CPU.Build.0 = Debug|Any CPU
		{4433A2AC-ABC6-4BA1-BD56-B91C9EFBE89A}.Release|Any CPU.ActiveCfg = Release|Any CPU
		{4433A2AC-ABC6-4BA1-BD56-B91C9EFBE89A}.Release|Any CPU.Build.0 = Release|Any CPU
	EndGlobalSection
	GlobalSection(SolutionProperties) = preSolution
		HideSolutionNode = FALSE
	EndGlobalSection
	GlobalSection(ExtensibilityGlobals) = postSolution
		SolutionGuid = {EE709C9A-1E20-4D14-9C16-057A61DF8734}
	EndGlobalSection
EndGlobal
